{
  "version": 4,
  "terraform_version": "1.1.8",
  "serial": 33,
  "lineage": "4575a9dd-f2d3-a26a-577f-ff7523d26357",
  "outputs": {},
  "resources": [
    {
      "module": "module.configuration2",
      "mode": "managed",
      "type": "azurerm_resource_group",
      "name": "priyanka",
      "provider": "provider[\"registry.terraform.io/hashicorp/azurerm\"]",
      "instances": [
        {
          "schema_version": 0,
          "attributes": {
            "id": "/subscriptions/a3d75c10-c135-4e6b-8f4e-f22711d010ef/resourceGroups/priyankaRG5",
            "location": "eastus",
            "name": "priyankaRG5",
            "tags": {},
            "timeouts": null
          },
          "sensitive_attributes": [],
          "private": "eyJlMmJmYjczMC1lY2FhLTExZTYtOGY4OC0zNDM2M2JjN2M0YzAiOnsiY3JlYXRlIjo1NDAwMDAwMDAwMDAwLCJkZWxldGUiOjU0MDAwMDAwMDAwMDAsInJlYWQiOjMwMDAwMDAwMDAwMCwidXBkYXRlIjo1NDAwMDAwMDAwMDAwfX0="
        }
      ]
    },
    {
      "module": "module.configuration4",
      "mode": "managed",
      "type": "azurerm_virtual_network",
      "name": "vnet",
      "provider": "provider[\"registry.terraform.io/hashicorp/azurerm\"]",
      "instances": [
        {
          "schema_version": 0,
          "attributes": {
            "address_space": [
              "10.168.0.0/16"
            ],
            "bgp_community": "",
            "ddos_protection_plan": [],
            "dns_servers": [],
            "edge_zone": "",
            "flow_timeout_in_minutes": 0,
            "guid": "70c87551-7793-495d-a0ce-81c11d2f6aa0",
            "id": "/subscriptions/a3d75c10-c135-4e6b-8f4e-f22711d010ef/resourceGroups/priyankaRG5/providers/Microsoft.Network/virtualNetworks/priyankavnet",
            "location": "eastus",
            "name": "priyankavnet",
            "resource_group_name": "priyankaRG5",
            "subnet": [
              {
                "address_prefix": "10.168.2.0/24",
                "id": "/subscriptions/a3d75c10-c135-4e6b-8f4e-f22711d010ef/resourceGroups/priyankaRG5/providers/Microsoft.Network/virtualNetworks/priyankavnet/subnets/priyankasubnet",
                "name": "priyankasubnet",
                "security_group": ""
              }
            ],
            "tags": {},
            "timeouts": null
          },
          "sensitive_attributes": [],
          "private": "eyJlMmJmYjczMC1lY2FhLTExZTYtOGY4OC0zNDM2M2JjN2M0YzAiOnsiY3JlYXRlIjoxODAwMDAwMDAwMDAwLCJkZWxldGUiOjE4MDAwMDAwMDAwMDAsInJlYWQiOjMwMDAwMDAwMDAwMCwidXBkYXRlIjoxODAwMDAwMDAwMDAwfX0=",
          "dependencies": [
            "module.configuration2.azurerm_resource_group.priyanka"
          ]
        }
      ]
    }
  ]
}
